
Microsoft Visual Studio Solution File, Format Version 12.00
# Visual Studio Version 17
VisualStudioVersion = 17.1.32328.378
MinimumVisualStudioVersion = 10.0.40219.1
Project("{FAE04EC0-301F-11D3-BF4B-00C04F79EFBC}") = "ASP_App", "ASP_App\ASP_App.csproj", "{53D3CCFC-A165-4CE4-9702-F29BF715B5A7}"
EndProject
Global
	GlobalSection(SolutionConfigurationPlatforms) = preSolution
		Debug|Any CPU = Debug|Any CPU
		Release|Any CPU = Release|Any CPU
	EndGlobalSection
	GlobalSection(ProjectConfigurationPlatforms) = postSolution
		{53D3CCFC-A165-4CE4-9702-F29BF715B5A7}.Debug|Any CPU.ActiveCfg = Debug|Any CPU
		{53D3CCFC-A165-4CE4-9702-F29BF715B5A7}.Debug|Any CPU.Build.0 = Debug|Any CPU
		{53D3CCFC-A165-4CE4-9702-F29BF715B5A7}.Release|Any CPU.ActiveCfg = Release|Any CPU
		{53D3CCFC-A165-4CE4-9702-F29BF715B5A7}.Release|Any CPU.Build.0 = Release|Any CPU
	EndGlobalSection
	GlobalSection(SolutionProperties) = preSolution
		HideSolutionNode = FALSE
	EndGlobalSection
	GlobalSection(ExtensibilityGlobals) = postSolution
		SolutionGuid = {66FEF00C-F1F1-4400-95BA-20D8BC7D8E6A}
	EndGlobalSection
EndGlobal
